
Microsoft Visual Studio Solution File, Format Version 12.00
# Visual Studio Version 17
VisualStudioVersion = 17.9.34723.18
MinimumVisualStudioVersion = 10.0.40219.1
Project("{FAE04EC0-301F-11D3-BF4B-00C04F79EFBC}") = "OnitamaMaui", "OnitamaMaui\OnitamaMaui.csproj", "{7E1C9CF8-9B00-47EA-A745-1B5DEC181F3F}"
EndProject
Project("{FAE04EC0-301F-11D3-BF4B-00C04F79EFBC}") = "OnitamaLib", "OnitamaLib\OnitamaLib.csproj", "{E2F1DB09-78A1-E9A8-13C2-777D3AB2B077}"
EndProject
Project("{FAE04EC0-301F-11D3-BF4B-00C04F79EFBC}") = "OnitamaConsole", "OnitamaConsole\OnitamaConsole.csproj", "{86E2077B-24E6-4FA7-8D91-6C55A38B24AE}"
	ProjectSection(ProjectDependencies) = postProject
		{E2F1DB09-78A1-E9A8-13C2-777D3AB2B077} = {E2F1DB09-78A1-E9A8-13C2-777D3AB2B077}
	EndProjectSection
EndProject
Project("{FAE04EC0-301F-11D3-BF4B-00C04F79EFBC}") = "OnitamaTests", "OnitamaTests\OnitamaTests.csproj", "{2CE3792E-BE7A-4DB4-9644-B0D47C820D46}"
	ProjectSection(ProjectDependencies) = postProject
		{E2F1DB09-78A1-E9A8-13C2-777D3AB2B077} = {E2F1DB09-78A1-E9A8-13C2-777D3AB2B077}
	EndProjectSection
EndProject
Project("{FAE04EC0-301F-11D3-BF4B-00C04F79EFBC}") = "Onitama.Persistance.Stub", "Onitama.Persistance.Stub\Onitama.Persistance.Stub.csproj", "{FE267D7B-91CB-B529-8F6A-983E01439653}"
EndProject
Project("{FAE04EC0-301F-11D3-BF4B-00C04F79EFBC}") = "OnitamaPersistanceJson", "OnitamaPersistanceJson\OnitamaPersistanceJson.csproj", "{B63306AF-74A3-45B8-9B87-78BF34372209}"
EndProject
Global
	GlobalSection(SolutionConfigurationPlatforms) = preSolution
		Debug|Any CPU = Debug|Any CPU
		Release|Any CPU = Release|Any CPU
	EndGlobalSection
	GlobalSection(ProjectConfigurationPlatforms) = postSolution
		{7E1C9CF8-9B00-47EA-A745-1B5DEC181F3F}.Debug|Any CPU.ActiveCfg = Debug|Any CPU
		{7E1C9CF8-9B00-47EA-A745-1B5DEC181F3F}.Debug|Any CPU.Build.0 = Debug|Any CPU
		{7E1C9CF8-9B00-47EA-A745-1B5DEC181F3F}.Debug|Any CPU.Deploy.0 = Debug|Any CPU
		{7E1C9CF8-9B00-47EA-A745-1B5DEC181F3F}.Release|Any CPU.ActiveCfg = Release|Any CPU
		{7E1C9CF8-9B00-47EA-A745-1B5DEC181F3F}.Release|Any CPU.Build.0 = Release|Any CPU
		{7E1C9CF8-9B00-47EA-A745-1B5DEC181F3F}.Release|Any CPU.Deploy.0 = Release|Any CPU
		{E2F1DB09-78A1-E9A8-13C2-777D3AB2B077}.Debug|Any CPU.ActiveCfg = Debug|Any CPU
		{E2F1DB09-78A1-E9A8-13C2-777D3AB2B077}.Debug|Any CPU.Build.0 = Debug|Any CPU
		{E2F1DB09-78A1-E9A8-13C2-777D3AB2B077}.Release|Any CPU.ActiveCfg = Release|Any CPU
		{E2F1DB09-78A1-E9A8-13C2-777D3AB2B077}.Release|Any CPU.Build.0 = Release|Any CPU
		{86E2077B-24E6-4FA7-8D91-6C55A38B24AE}.Debug|Any CPU.ActiveCfg = Debug|Any CPU
		{86E2077B-24E6-4FA7-8D91-6C55A38B24AE}.Debug|Any CPU.Build.0 = Debug|Any CPU
		{86E2077B-24E6-4FA7-8D91-6C55A38B24AE}.Release|Any CPU.ActiveCfg = Release|Any CPU
		{86E2077B-24E6-4FA7-8D91-6C55A38B24AE}.Release|Any CPU.Build.0 = Release|Any CPU
		{2CE3792E-BE7A-4DB4-9644-B0D47C820D46}.Debug|Any CPU.ActiveCfg = Debug|Any CPU
		{2CE3792E-BE7A-4DB4-9644-B0D47C820D46}.Debug|Any CPU.Build.0 = Debug|Any CPU
		{2CE3792E-BE7A-4DB4-9644-B0D47C820D46}.Release|Any CPU.ActiveCfg = Release|Any CPU
		{2CE3792E-BE7A-4DB4-9644-B0D47C820D46}.Release|Any CPU.Build.0 = Release|Any CPU
		{FE267D7B-91CB-B529-8F6A-983E01439653}.Debug|Any CPU.ActiveCfg = Debug|Any CPU
		{FE267D7B-91CB-B529-8F6A-983E01439653}.Debug|Any CPU.Build.0 = Debug|Any CPU
		{FE267D7B-91CB-B529-8F6A-983E01439653}.Release|Any CPU.ActiveCfg = Release|Any CPU
		{FE267D7B-91CB-B529-8F6A-983E01439653}.Release|Any CPU.Build.0 = Release|Any CPU
		{B63306AF-74A3-45B8-9B87-78BF34372209}.Debug|Any CPU.ActiveCfg = Debug|Any CPU
		{B63306AF-74A3-45B8-9B87-78BF34372209}.Debug|Any CPU.Build.0 = Debug|Any CPU
		{B63306AF-74A3-45B8-9B87-78BF34372209}.Release|Any CPU.ActiveCfg = Release|Any CPU
		{B63306AF-74A3-45B8-9B87-78BF34372209}.Release|Any CPU.Build.0 = Release|Any CPU
	EndGlobalSection
	GlobalSection(SolutionProperties) = preSolution
		HideSolutionNode = FALSE
	EndGlobalSection
	GlobalSection(ExtensibilityGlobals) = postSolution
		SolutionGuid = {09AB6838-2A06-48FD-8BCF-B6713E0C82E0}
	EndGlobalSection
EndGlobal
